
Microsoft Visual Studio Solution File, Format Version 12.00
# Visual Studio 15
Project("{FAE04EC0-301F-11D3-BF4B-00C04F79EFBC}") = "AnimationAdaptation", "AnimationAdaptation.csproj", "{37963FB0-4794-7D19-0994-C7FAFB1F0DE8}"
EndProject
Project("{FAE04EC0-301F-11D3-BF4B-00C04F79EFBC}") = "AnimationAdaptation.Editor", "AnimationAdaptation.Editor.csproj", "{BA608690-59CD-ABFE-0490-365C9E24C688}"
EndProject
Global
	GlobalSection(SolutionConfigurationPlatforms) = preSolution
		Debug|Any CPU = Debug|Any CPU
		Release|Any CPU = Release|Any CPU
	EndGlobalSection
	GlobalSection(ProjectConfigurationPlatforms) = postSolution
		{37963FB0-4794-7D19-0994-C7FAFB1F0DE8}.Debug|Any CPU.ActiveCfg = Debug|Any CPU
		{37963FB0-4794-7D19-0994-C7FAFB1F0DE8}.Debug|Any CPU.Build.0 = Debug|Any CPU
		{37963FB0-4794-7D19-0994-C7FAFB1F0DE8}.Release|Any CPU.ActiveCfg = Release|Any CPU
		{37963FB0-4794-7D19-0994-C7FAFB1F0DE8}.Release|Any CPU.Build.0 = Release|Any CPU
		{BA608690-59CD-ABFE-0490-365C9E24C688}.Debug|Any CPU.ActiveCfg = Debug|Any CPU
		{BA608690-59CD-ABFE-0490-365C9E24C688}.Debug|Any CPU.Build.0 = Debug|Any CPU
		{BA608690-59CD-ABFE-0490-365C9E24C688}.Release|Any CPU.ActiveCfg = Release|Any CPU
		{BA608690-59CD-ABFE-0490-365C9E24C688}.Release|Any CPU.Build.0 = Release|Any CPU
	EndGlobalSection
	GlobalSection(SolutionProperties) = preSolution
		HideSolutionNode = FALSE
	EndGlobalSection
EndGlobal
